// !$*UTF8*$!
{
	archiveVersion = 1;
	classes = {
	};
	objectVersion = 46;
	objects = {

/* Begin PBXBuildFile section */
		2F8DF4021AEB9F8400F5C230 /* main.m in Sources */ = {isa = PBXBuildFile; fileRef = 2F8DF4011AEB9F8400F5C230 /* main.m */; };
		2F8DF4051AEB9F8400F5C230 /* LFAppDelegate.m in Sources */ = {isa = PBXBuildFile; fileRef = 2F8DF4041AEB9F8400F5C230 /* LFAppDelegate.m */; };
		2F8DF4081AEB9F8400F5C230 /* LFViewController.m in Sources */ = {isa = PBXBuildFile; fileRef = 2F8DF4071AEB9F8400F5C230 /* LFViewController.m */; };
		2F8DF40B1AEB9F8400F5C230 /* Main.storyboard in Resources */ = {isa = PBXBuildFile; fileRef = 2F8DF4091AEB9F8400F5C230 /* Main.storyboard */; };
		2F8DF40D1AEB9F8400F5C230 /* Images.xcassets in Resources */ = {isa = PBXBuildFile; fileRef = 2F8DF40C1AEB9F8400F5C230 /* Images.xcassets */; };
		2F8DF4101AEB9F8400F5C230 /* LaunchScreen.xib in Resources */ = {isa = PBXBuildFile; fileRef = 2F8DF40E1AEB9F8400F5C230 /* LaunchScreen.xib */; };
		2F8DF41C1AEB9F8500F5C230 /* LostAndFoundTests.m in Sources */ = {isa = PBXBuildFile; fileRef = 2F8DF41B1AEB9F8500F5C230 /* LostAndFoundTests.m */; };
		2F8DF42A1AEBA61200F5C230 /* LFPanoramaViewWidget.m in Sources */ = {isa = PBXBuildFile; fileRef = 2F8DF4271AEBA61200F5C230 /* LFPanoramaViewWidget.m */; };
		2F8DF42B1AEBA61200F5C230 /* SwipeView.m in Sources */ = {isa = PBXBuildFile; fileRef = 2F8DF4291AEBA61200F5C230 /* SwipeView.m */; };
		2F8DF42E1AEBB87900F5C230 /* LFPanoramaViewWidgetPage.m in Sources */ = {isa = PBXBuildFile; fileRef = 2F8DF42D1AEBB87900F5C230 /* LFPanoramaViewWidgetPage.m */; };
		2F8DF4311AEBB93B00F5C230 /* LFPanoramaViewWidgetPage.xib in Resources */ = {isa = PBXBuildFile; fileRef = 2F8DF4301AEBB93B00F5C230 /* LFPanoramaViewWidgetPage.xib */; };
		2F8DF4351AEBBEB800F5C230 /* UIView+XIB.m in Sources */ = {isa = PBXBuildFile; fileRef = 2F8DF4341AEBBEB800F5C230 /* UIView+XIB.m */; };
		6BC013861AEBC30C00848E43 /* BubbleLefthand.png in Resources */ = {isa = PBXBuildFile; fileRef = 6BC013841AEBC30C00848E43 /* BubbleLefthand.png */; };
		6BC013871AEBC30C00848E43 /* BubbleRighthand.png in Resources */ = {isa = PBXBuildFile; fileRef = 6BC013851AEBC30C00848E43 /* BubbleRighthand.png */; };
/* End PBXBuildFile section */

/* Begin PBXContainerItemProxy section */
		2F8DF4161AEB9F8500F5C230 /* PBXContainerItemProxy */ = {
			isa = PBXContainerItemProxy;
			containerPortal = 2F8DF3F41AEB9F8400F5C230 /* Project object */;
			proxyType = 1;
			remoteGlobalIDString = 2F8DF3FB1AEB9F8400F5C230;
			remoteInfo = LostAndFound;
		};
/* End PBXContainerItemProxy section */

/* Begin PBXFileReference section */
		2F8DF3FC1AEB9F8400F5C230 /* LostAndFound.app */ = {isa = PBXFileReference; explicitFileType = wrapper.application; includeInIndex = 0; path = LostAndFound.app; sourceTree = BUILT_PRODUCTS_DIR; };
		2F8DF4001AEB9F8400F5C230 /* Info.plist */ = {isa = PBXFileReference; lastKnownFileType = text.plist.xml; path = Info.plist; sourceTree = "<group>"; };
		2F8DF4011AEB9F8400F5C230 /* main.m */ = {isa = PBXFileReference; lastKnownFileType = sourcecode.c.objc; path = main.m; sourceTree = "<group>"; };
		2F8DF4031AEB9F8400F5C230 /* LFAppDelegate.h */ = {isa = PBXFileReference; lastKnownFileType = sourcecode.c.h; path = LFAppDelegate.h; sourceTree = "<group>"; };
		2F8DF4041AEB9F8400F5C230 /* LFAppDelegate.m */ = {isa = PBXFileReference; lastKnownFileType = sourcecode.c.objc; path = LFAppDelegate.m; sourceTree = "<group>"; };
		2F8DF4061AEB9F8400F5C230 /* LFViewController.h */ = {isa = PBXFileReference; lastKnownFileType = sourcecode.c.h; path = LFViewController.h; sourceTree = "<group>"; };
		2F8DF4071AEB9F8400F5C230 /* LFViewController.m */ = {isa = PBXFileReference; lastKnownFileType = sourcecode.c.objc; path = LFViewController.m; sourceTree = "<group>"; };
		2F8DF40A1AEB9F8400F5C230 /* Base */ = {isa = PBXFileReference; lastKnownFileType = file.storyboard; name = Base; path = Base.lproj/Main.storyboard; sourceTree = "<group>"; };
		2F8DF40C1AEB9F8400F5C230 /* Images.xcassets */ = {isa = PBXFileReference; lastKnownFileType = folder.assetcatalog; path = Images.xcassets; sourceTree = "<group>"; };
		2F8DF40F1AEB9F8400F5C230 /* Base */ = {isa = PBXFileReference; lastKnownFileType = file.xib; name = Base; path = Base.lproj/LaunchScreen.xib; sourceTree = "<group>"; };
		2F8DF4151AEB9F8500F5C230 /* LostAndFoundTests.xctest */ = {isa = PBXFileReference; explicitFileType = wrapper.cfbundle; includeInIndex = 0; path = LostAndFoundTests.xctest; sourceTree = BUILT_PRODUCTS_DIR; };
		2F8DF41A1AEB9F8500F5C230 /* Info.plist */ = {isa = PBXFileReference; lastKnownFileType = text.plist.xml; path = Info.plist; sourceTree = "<group>"; };
		2F8DF41B1AEB9F8500F5C230 /* LostAndFoundTests.m */ = {isa = PBXFileReference; lastKnownFileType = sourcecode.c.objc; path = LostAndFoundTests.m; sourceTree = "<group>"; };
		2F8DF4261AEBA61200F5C230 /* LFPanoramaViewWidget.h */ = {isa = PBXFileReference; fileEncoding = 4; lastKnownFileType = sourcecode.c.h; path = LFPanoramaViewWidget.h; sourceTree = "<group>"; };
		2F8DF4271AEBA61200F5C230 /* LFPanoramaViewWidget.m */ = {isa = PBXFileReference; fileEncoding = 4; lastKnownFileType = sourcecode.c.objc; path = LFPanoramaViewWidget.m; sourceTree = "<group>"; };
		2F8DF4281AEBA61200F5C230 /* SwipeView.h */ = {isa = PBXFileReference; fileEncoding = 4; lastKnownFileType = sourcecode.c.h; path = SwipeView.h; sourceTree = "<group>"; };
		2F8DF4291AEBA61200F5C230 /* SwipeView.m */ = {isa = PBXFileReference; fileEncoding = 4; lastKnownFileType = sourcecode.c.objc; path = SwipeView.m; sourceTree = "<group>"; };
		2F8DF42C1AEBB87900F5C230 /* LFPanoramaViewWidgetPage.h */ = {isa = PBXFileReference; fileEncoding = 4; lastKnownFileType = sourcecode.c.h; path = LFPanoramaViewWidgetPage.h; sourceTree = "<group>"; };
		2F8DF42D1AEBB87900F5C230 /* LFPanoramaViewWidgetPage.m */ = {isa = PBXFileReference; fileEncoding = 4; lastKnownFileType = sourcecode.c.objc; path = LFPanoramaViewWidgetPage.m; sourceTree = "<group>"; };
		2F8DF4301AEBB93B00F5C230 /* LFPanoramaViewWidgetPage.xib */ = {isa = PBXFileReference; fileEncoding = 4; lastKnownFileType = file.xib; path = LFPanoramaViewWidgetPage.xib; sourceTree = "<group>"; };
		2F8DF4331AEBBEB800F5C230 /* UIView+XIB.h */ = {isa = PBXFileReference; fileEncoding = 4; lastKnownFileType = sourcecode.c.h; path = "UIView+XIB.h"; sourceTree = "<group>"; };
		2F8DF4341AEBBEB800F5C230 /* UIView+XIB.m */ = {isa = PBXFileReference; fileEncoding = 4; lastKnownFileType = sourcecode.c.objc; path = "UIView+XIB.m"; sourceTree = "<group>"; };
		6BC013841AEBC30C00848E43 /* BubbleLefthand.png */ = {isa = PBXFileReference; lastKnownFileType = image.png; path = BubbleLefthand.png; sourceTree = "<group>"; };
		6BC013851AEBC30C00848E43 /* BubbleRighthand.png */ = {isa = PBXFileReference; lastKnownFileType = image.png; path = BubbleRighthand.png; sourceTree = "<group>"; };
/* End PBXFileReference section */

/* Begin PBXFrameworksBuildPhase section */
		2F8DF3F91AEB9F8400F5C230 /* Frameworks */ = {
			isa = PBXFrameworksBuildPhase;
			buildActionMask = 2147483647;
			files = (
			);
			runOnlyForDeploymentPostprocessing = 0;
		};
		2F8DF4121AEB9F8500F5C230 /* Frameworks */ = {
			isa = PBXFrameworksBuildPhase;
			buildActionMask = 2147483647;
			files = (
			);
			runOnlyForDeploymentPostprocessing = 0;
		};
/* End PBXFrameworksBuildPhase section */

/* Begin PBXGroup section */
		2F8DF3F31AEB9F8400F5C230 = {
			isa = PBXGroup;
			children = (
				2F8DF3FE1AEB9F8400F5C230 /* LostAndFound */,
				2F8DF4181AEB9F8500F5C230 /* LostAndFoundTests */,
				2F8DF3FD1AEB9F8400F5C230 /* Products */,
			);
			sourceTree = "<group>";
		};
		2F8DF3FD1AEB9F8400F5C230 /* Products */ = {
			isa = PBXGroup;
			children = (
				2F8DF3FC1AEB9F8400F5C230 /* LostAndFound.app */,
				2F8DF4151AEB9F8500F5C230 /* LostAndFoundTests.xctest */,
			);
			name = Products;
			sourceTree = "<group>";
		};
		2F8DF3FE1AEB9F8400F5C230 /* LostAndFound */ = {
			isa = PBXGroup;
			children = (
				2F8DF4321AEBBEAB00F5C230 /* Categories */,
				2F8DF42F1AEBB8AB00F5C230 /* Xib */,
				2F8DF4251AEBA61200F5C230 /* UIWidgets */,
				2F8DF4031AEB9F8400F5C230 /* LFAppDelegate.h */,
				2F8DF4041AEB9F8400F5C230 /* LFAppDelegate.m */,
				2F8DF4061AEB9F8400F5C230 /* LFViewController.h */,
				2F8DF4071AEB9F8400F5C230 /* LFViewController.m */,
				6BC013841AEBC30C00848E43 /* BubbleLefthand.png */,
				6BC013851AEBC30C00848E43 /* BubbleRighthand.png */,
				2F8DF4091AEB9F8400F5C230 /* Main.storyboard */,
				2F8DF40C1AEB9F8400F5C230 /* Images.xcassets */,
				2F8DF40E1AEB9F8400F5C230 /* LaunchScreen.xib */,
				2F8DF3FF1AEB9F8400F5C230 /* Supporting Files */,
			);
			path = LostAndFound;
			sourceTree = "<group>";
		};
		2F8DF3FF1AEB9F8400F5C230 /* Supporting Files */ = {
			isa = PBXGroup;
			children = (
				2F8DF4001AEB9F8400F5C230 /* Info.plist */,
				2F8DF4011AEB9F8400F5C230 /* main.m */,
			);
			name = "Supporting Files";
			sourceTree = "<group>";
		};
		2F8DF4181AEB9F8500F5C230 /* LostAndFoundTests */ = {
			isa = PBXGroup;
			children = (
				2F8DF41B1AEB9F8500F5C230 /* LostAndFoundTests.m */,
				2F8DF4191AEB9F8500F5C230 /* Supporting Files */,
			);
			path = LostAndFoundTests;
			sourceTree = "<group>";
		};
		2F8DF4191AEB9F8500F5C230 /* Supporting Files */ = {
			isa = PBXGroup;
			children = (
				2F8DF41A1AEB9F8500F5C230 /* Info.plist */,
			);
			name = "Supporting Files";
			sourceTree = "<group>";
		};
		2F8DF4251AEBA61200F5C230 /* UIWidgets */ = {
			isa = PBXGroup;
			children = (
				2F8DF4261AEBA61200F5C230 /* LFPanoramaViewWidget.h */,
				2F8DF4271AEBA61200F5C230 /* LFPanoramaViewWidget.m */,
				2F8DF4281AEBA61200F5C230 /* SwipeView.h */,
				2F8DF4291AEBA61200F5C230 /* SwipeView.m */,
				2F8DF42C1AEBB87900F5C230 /* LFPanoramaViewWidgetPage.h */,
				2F8DF42D1AEBB87900F5C230 /* LFPanoramaViewWidgetPage.m */,
			);
			path = UIWidgets;
			sourceTree = "<group>";
		};
		2F8DF42F1AEBB8AB00F5C230 /* Xib */ = {
			isa = PBXGroup;
			children = (
				2F8DF4301AEBB93B00F5C230 /* LFPanoramaViewWidgetPage.xib */,
			);
			path = Xib;
			sourceTree = "<group>";
		};
		2F8DF4321AEBBEAB00F5C230 /* Categories */ = {
			isa = PBXGroup;
			children = (
				2F8DF4331AEBBEB800F5C230 /* UIView+XIB.h */,
				2F8DF4341AEBBEB800F5C230 /* UIView+XIB.m */,
			);
			path = Categories;
			sourceTree = "<group>";
		};
/* End PBXGroup section */

/* Begin PBXNativeTarget section */
		2F8DF3FB1AEB9F8400F5C230 /* LostAndFound */ = {
			isa = PBXNativeTarget;
			buildConfigurationList = 2F8DF41F1AEB9F8500F5C230 /* Build configuration list for PBXNativeTarget "LostAndFound" */;
			buildPhases = (
				2F8DF3F81AEB9F8400F5C230 /* Sources */,
				2F8DF3F91AEB9F8400F5C230 /* Frameworks */,
				2F8DF3FA1AEB9F8400F5C230 /* Resources */,
			);
			buildRules = (
			);
			dependencies = (
			);
			name = LostAndFound;
			productName = LostAndFound;
			productReference = 2F8DF3FC1AEB9F8400F5C230 /* LostAndFound.app */;
			productType = "com.apple.product-type.application";
		};
		2F8DF4141AEB9F8500F5C230 /* LostAndFoundTests */ = {
			isa = PBXNativeTarget;
			buildConfigurationList = 2F8DF4221AEB9F8500F5C230 /* Build configuration list for PBXNativeTarget "LostAndFoundTests" */;
			buildPhases = (
				2F8DF4111AEB9F8500F5C230 /* Sources */,
				2F8DF4121AEB9F8500F5C230 /* Frameworks */,
				2F8DF4131AEB9F8500F5C230 /* Resources */,
			);
			buildRules = (
			);
			dependencies = (
				2F8DF4171AEB9F8500F5C230 /* PBXTargetDependency */,
			);
			name = LostAndFoundTests;
			productName = LostAndFoundTests;
			productReference = 2F8DF4151AEB9F8500F5C230 /* LostAndFoundTests.xctest */;
			productType = "com.apple.product-type.bundle.unit-test";
		};
/* End PBXNativeTarget section */

/* Begin PBXProject section */
		2F8DF3F41AEB9F8400F5C230 /* Project object */ = {
			isa = PBXProject;
			attributes = {
				LastUpgradeCheck = 0620;
				ORGANIZATIONNAME = VVS;
				TargetAttributes = {
					2F8DF3FB1AEB9F8400F5C230 = {
						CreatedOnToolsVersion = 6.2;
					};
					2F8DF4141AEB9F8500F5C230 = {
						CreatedOnToolsVersion = 6.2;
						TestTargetID = 2F8DF3FB1AEB9F8400F5C230;
					};
				};
			};
			buildConfigurationList = 2F8DF3F71AEB9F8400F5C230 /* Build configuration list for PBXProject "LostAndFound" */;
			compatibilityVersion = "Xcode 3.2";
			developmentRegion = English;
			hasScannedForEncodings = 0;
			knownRegions = (
				en,
				Base,
			);
			mainGroup = 2F8DF3F31AEB9F8400F5C230;
			productRefGroup = 2F8DF3FD1AEB9F8400F5C230 /* Products */;
			projectDirPath = "";
			projectRoot = "";
			targets = (
				2F8DF3FB1AEB9F8400F5C230 /* LostAndFound */,
				2F8DF4141AEB9F8500F5C230 /* LostAndFoundTests */,
			);
		};
/* End PBXProject section */

/* Begin PBXResourcesBuildPhase section */
		2F8DF3FA1AEB9F8400F5C230 /* Resources */ = {
			isa = PBXResourcesBuildPhase;
			buildActionMask = 2147483647;
			files = (
				2F8DF40B1AEB9F8400F5C230 /* Main.storyboard in Resources */,
				2F8DF4101AEB9F8400F5C230 /* LaunchScreen.xib in Resources */,
				2F8DF4311AEBB93B00F5C230 /* LFPanoramaViewWidgetPage.xib in Resources */,
				6BC013871AEBC30C00848E43 /* BubbleRighthand.png in Resources */,
				6BC013861AEBC30C00848E43 /* BubbleLefthand.png in Resources */,
				2F8DF40D1AEB9F8400F5C230 /* Images.xcassets in Resources */,
			);
			runOnlyForDeploymentPostprocessing = 0;
		};
		2F8DF4131AEB9F8500F5C230 /* Resources */ = {
			isa = PBXResourcesBuildPhase;
			buildActionMask = 2147483647;
			files = (
			);
			runOnlyForDeploymentPostprocessing = 0;
		};
/* End PBXResourcesBuildPhase section */

/* Begin PBXSourcesBuildPhase section */
		2F8DF3F81AEB9F8400F5C230 /* Sources */ = {
			isa = PBXSourcesBuildPhase;
			buildActionMask = 2147483647;
			files = (
				2F8DF4351AEBBEB800F5C230 /* UIView+XIB.m in Sources */,
				2F8DF4081AEB9F8400F5C230 /* LFViewController.m in Sources */,
				2F8DF42A1AEBA61200F5C230 /* LFPanoramaViewWidget.m in Sources */,
				2F8DF42E1AEBB87900F5C230 /* LFPanoramaViewWidgetPage.m in Sources */,
				2F8DF4051AEB9F8400F5C230 /* LFAppDelegate.m in Sources */,
				2F8DF4021AEB9F8400F5C230 /* main.m in Sources */,
				2F8DF42B1AEBA61200F5C230 /* SwipeView.m in Sources */,
			);
			runOnlyForDeploymentPostprocessing = 0;
		};
		2F8DF4111AEB9F8500F5C230 /* Sources */ = {
			isa = PBXSourcesBuildPhase;
			buildActionMask = 2147483647;
			files = (
				2F8DF41C1AEB9F8500F5C230 /* LostAndFoundTests.m in Sources */,
			);
			runOnlyForDeploymentPostprocessing = 0;
		};
/* End PBXSourcesBuildPhase section */

/* Begin PBXTargetDependency section */
		2F8DF4171AEB9F8500F5C230 /* PBXTargetDependency */ = {
			isa = PBXTargetDependency;
			target = 2F8DF3FB1AEB9F8400F5C230 /* LostAndFound */;
			targetProxy = 2F8DF4161AEB9F8500F5C230 /* PBXContainerItemProxy */;
		};
/* End PBXTargetDependency section */

/* Begin PBXVariantGroup section */
		2F8DF4091AEB9F8400F5C230 /* Main.storyboard */ = {
			isa = PBXVariantGroup;
			children = (
				2F8DF40A1AEB9F8400F5C230 /* Base */,
			);
			name = Main.storyboard;
			sourceTree = "<group>";
		};
		2F8DF40E1AEB9F8400F5C230 /* LaunchScreen.xib */ = {
			isa = PBXVariantGroup;
			children = (
				2F8DF40F1AEB9F8400F5C230 /* Base */,
			);
			name = LaunchScreen.xib;
			sourceTree = "<group>";
		};
/* End PBXVariantGroup section */

/* Begin XCBuildConfiguration section */
		2F8DF41D1AEB9F8500F5C230 /* Debug */ = {
			isa = XCBuildConfiguration;
			buildSettings = {
				ALWAYS_SEARCH_USER_PATHS = NO;
				CLANG_CXX_LANGUAGE_STANDARD = "gnu++0x";
				CLANG_CXX_LIBRARY = "libc++";
				CLANG_ENABLE_MODULES = YES;
				CLANG_ENABLE_OBJC_ARC = YES;
				CLANG_WARN_BOOL_CONVERSION = YES;
				CLANG_WARN_CONSTANT_CONVERSION = YES;
				CLANG_WARN_DIRECT_OBJC_ISA_USAGE = YES_ERROR;
				CLANG_WARN_EMPTY_BODY = YES;
				CLANG_WARN_ENUM_CONVERSION = YES;
				CLANG_WARN_INT_CONVERSION = YES;
				CLANG_WARN_OBJC_ROOT_CLASS = YES_ERROR;
				CLANG_WARN_UNREACHABLE_CODE = YES;
				CLANG_WARN__DUPLICATE_METHOD_MATCH = YES;
				"CODE_SIGN_IDENTITY[sdk=iphoneos*]" = "iPhone Developer";
				COPY_PHASE_STRIP = NO;
				ENABLE_STRICT_OBJC_MSGSEND = YES;
				GCC_C_LANGUAGE_STANDARD = gnu99;
				GCC_DYNAMIC_NO_PIC = NO;
				GCC_OPTIMIZATION_LEVEL = 0;
				GCC_PREPROCESSOR_DEFINITIONS = (
					"DEBUG=1",
					"$(inherited)",
				);
				GCC_SYMBOLS_PRIVATE_EXTERN = NO;
				GCC_WARN_64_TO_32_BIT_CONVERSION = YES;
				GCC_WARN_ABOUT_RETURN_TYPE = YES_ERROR;
				GCC_WARN_UNDECLARED_SELECTOR = YES;
				GCC_WARN_UNINITIALIZED_AUTOS = YES_AGGRESSIVE;
				GCC_WARN_UNUSED_FUNCTION = YES;
				GCC_WARN_UNUSED_VARIABLE = YES;
				IPHONEOS_DEPLOYMENT_TARGET = 8.2;
				MTL_ENABLE_DEBUG_INFO = YES;
				ONLY_ACTIVE_ARCH = YES;
				SDKROOT = iphoneos;
				TARGETED_DEVICE_FAMILY = "1,2";
			};
			name = Debug;
		};
		2F8DF41E1AEB9F8500F5C230 /* Release */ = {
			isa = XCBuildConfiguration;
			buildSettings = {
				ALWAYS_SEARCH_USER_PATHS = NO;
				CLANG_CXX_LANGUAGE_STANDARD = "gnu++0x";
				CLANG_CXX_LIBRARY = "libc++";
				CLANG_ENABLE_MODULES = YES;
				CLANG_ENABLE_OBJC_ARC = YES;
				CLANG_WARN_BOOL_CONVERSION = YES;
				CLANG_WARN_CONSTANT_CONVERSION = YES;
				CLANG_WARN_DIRECT_OBJC_ISA_USAGE = YES_ERROR;
				CLANG_WARN_EMPTY_BODY = YES;
				CLANG_WARN_ENUM_CONVERSION = YES;
				CLANG_WARN_INT_CONVERSION = YES;
				CLANG_WARN_OBJC_ROOT_CLASS = YES_ERROR;
				CLANG_WARN_UNREACHABLE_CODE = YES;
				CLANG_WARN__DUPLICATE_METHOD_MATCH = YES;
				"CODE_SIGN_IDENTITY[sdk=iphoneos*]" = "iPhone Developer";
				COPY_PHASE_STRIP = NO;
				ENABLE_NS_ASSERTIONS = NO;
				ENABLE_STRICT_OBJC_MSGSEND = YES;
				GCC_C_LANGUAGE_STANDARD = gnu99;
				GCC_WARN_64_TO_32_BIT_CONVERSION = YES;
				GCC_WARN_ABOUT_RETURN_TYPE = YES_ERROR;
				GCC_WARN_UNDECLARED_SELECTOR = YES;
				GCC_WARN_UNINITIALIZED_AUTOS = YES_AGGRESSIVE;
				GCC_WARN_UNUSED_FUNCTION = YES;
				GCC_WARN_UNUSED_VARIABLE = YES;
				IPHONEOS_DEPLOYMENT_TARGET = 8.2;
				MTL_ENABLE_DEBUG_INFO = NO;
				SDKROOT = iphoneos;
				TARGETED_DEVICE_FAMILY = "1,2";
				VALIDATE_PRODUCT = YES;
			};
			name = Release;
		};
		2F8DF4201AEB9F8500F5C230 /* Debug */ = {
			isa = XCBuildConfiguration;
			buildSettings = {
				ASSETCATALOG_COMPILER_APPICON_NAME = AppIcon;
				INFOPLIST_FILE = LostAndFound/Info.plist;
				LD_RUNPATH_SEARCH_PATHS = "$(inherited) @executable_path/Frameworks";
				PRODUCT_NAME = "$(TARGET_NAME)";
			};
			name = Debug;
		};
		2F8DF4211AEB9F8500F5C230 /* Release */ = {
			isa = XCBuildConfiguration;
			buildSettings = {
				ASSETCATALOG_COMPILER_APPICON_NAME = AppIcon;
				INFOPLIST_FILE = LostAndFound/Info.plist;
				LD_RUNPATH_SEARCH_PATHS = "$(inherited) @executable_path/Frameworks";
				PRODUCT_NAME = "$(TARGET_NAME)";
			};
			name = Release;
		};
		2F8DF4231AEB9F8500F5C230 /* Debug */ = {
			isa = XCBuildConfiguration;
			buildSettings = {
				BUNDLE_LOADER = "$(TEST_HOST)";
				FRAMEWORK_SEARCH_PATHS = (
					"$(SDKROOT)/Developer/Library/Frameworks",
					"$(inherited)",
				);
				GCC_PREPROCESSOR_DEFINITIONS = (
					"DEBUG=1",
					"$(inherited)",
				);
				INFOPLIST_FILE = LostAndFoundTests/Info.plist;
				LD_RUNPATH_SEARCH_PATHS = "$(inherited) @executable_path/Frameworks @loader_path/Frameworks";
				PRODUCT_NAME = "$(TARGET_NAME)";
				TEST_HOST = "$(BUILT_PRODUCTS_DIR)/LostAndFound.app/LostAndFound";
			};
			name = Debug;
		};
		2F8DF4241AEB9F8500F5C230 /* Release */ = {
			isa = XCBuildConfiguration;
			buildSettings = {
				BUNDLE_LOADER = "$(TEST_HOST)";
				FRAMEWORK_SEARCH_PATHS = (
					"$(SDKROOT)/Developer/Library/Frameworks",
					"$(inherited)",
				);
				INFOPLIST_FILE = LostAndFoundTests/Info.plist;
				LD_RUNPATH_SEARCH_PATHS = "$(inherited) @executable_path/Frameworks @loader_path/Frameworks";
				PRODUCT_NAME = "$(TARGET_NAME)";
				TEST_HOST = "$(BUILT_PRODUCTS_DIR)/LostAndFound.app/LostAndFound";
			};
			name = Release;
		};
/* End XCBuildConfiguration section */

/* Begin XCConfigurationList section */
		2F8DF3F71AEB9F8400F5C230 /* Build configuration list for PBXProject "LostAndFound" */ = {
			isa = XCConfigurationList;
			buildConfigurations = (
				2F8DF41D1AEB9F8500F5C230 /* Debug */,
				2F8DF41E1AEB9F8500F5C230 /* Release */,
			);
			defaultConfigurationIsVisible = 0;
			defaultConfigurationName = Release;
		};
		2F8DF41F1AEB9F8500F5C230 /* Build configuration list for PBXNativeTarget "LostAndFound" */ = {
			isa = XCConfigurationList;
			buildConfigurations = (
				2F8DF4201AEB9F8500F5C230 /* Debug */,
				2F8DF4211AEB9F8500F5C230 /* Release */,
			);
			defaultConfigurationIsVisible = 0;
			defaultConfigurationName = Release;
		};
		2F8DF4221AEB9F8500F5C230 /* Build configuration list for PBXNativeTarget "LostAndFoundTests" */ = {
			isa = XCConfigurationList;
			buildConfigurations = (
				2F8DF4231AEB9F8500F5C230 /* Debug */,
				2F8DF4241AEB9F8500F5C230 /* Release */,
			);
			defaultConfigurationIsVisible = 0;
			defaultConfigurationName = Release;
		};
/* End XCConfigurationList section */
	};
	rootObject = 2F8DF3F41AEB9F8400F5C230 /* Project object */;
}
